// !$*UTF8*$!
{
	archiveVersion = 1;
	classes = {
	};
	objectVersion = 51;
	objects = {

/* Begin PBXBuildFile section */
		00607B5C2CC574A2DBC31494 /* Pods_Ios_CW.framework in Frameworks */ = {isa = PBXBuildFile; fileRef = 5422C6542542A304F3C326EA /* Pods_Ios_CW.framework */; };
		603172F12A12A46700A9812C /* StartController.swift in Sources */ = {isa = PBXBuildFile; fileRef = 603172F02A12A46700A9812C /* StartController.swift */; };
		605775EC2A15E4F700BC91A4 /* Postservice.swift in Sources */ = {isa = PBXBuildFile; fileRef = 605775EB2A15E4F700BC91A4 /* Postservice.swift */; };
		60CA95D129EDBFA200D9C041 /* AppDelegate.swift in Sources */ = {isa = PBXBuildFile; fileRef = 60CA95D029EDBFA200D9C041 /* AppDelegate.swift */; };
		60CA95D329EDBFA200D9C041 /* SceneDelegate.swift in Sources */ = {isa = PBXBuildFile; fileRef = 60CA95D229EDBFA200D9C041 /* SceneDelegate.swift */; };
		60CA95D529EDBFA200D9C041 /* ViewController.swift in Sources */ = {isa = PBXBuildFile; fileRef = 60CA95D429EDBFA200D9C041 /* ViewController.swift */; };
		60CA95DA29EDBFA300D9C041 /* Assets.xcassets in Resources */ = {isa = PBXBuildFile; fileRef = 60CA95D929EDBFA300D9C041 /* Assets.xcassets */; };
		60D35C7B2A13F9A2006D9C93 /* IntroController.swift in Sources */ = {isa = PBXBuildFile; fileRef = 60D35C7A2A13F9A2006D9C93 /* IntroController.swift */; };
		60D35C7E2A140666006D9C93 /* ScheduleController.swift in Sources */ = {isa = PBXBuildFile; fileRef = 60D35C7D2A140666006D9C93 /* ScheduleController.swift */; };
		60D6415A2A10A70200769755 /* SplashController.swift in Sources */ = {isa = PBXBuildFile; fileRef = 60D641592A10A70200769755 /* SplashController.swift */; };
		60D641642A10DC2600769755 /* HomeController.swift in Sources */ = {isa = PBXBuildFile; fileRef = 60D641632A10DC2600769755 /* HomeController.swift */; };
		60D641682A11646100769755 /* ExcriseoneController.swift in Sources */ = {isa = PBXBuildFile; fileRef = 60D641672A11646100769755 /* ExcriseoneController.swift */; };
		60DA59FF2A1755D300599521 /* SchedulenormalController.swift in Sources */ = {isa = PBXBuildFile; fileRef = 60DA59FE2A1755D300599521 /* SchedulenormalController.swift */; };
		60DA5A022A17561000599521 /* ScheduleoverController.swift in Sources */ = {isa = PBXBuildFile; fileRef = 60DA5A012A17561000599521 /* ScheduleoverController.swift */; };
		60DA5A052A177AE800599521 /* MealController.swift in Sources */ = {isa = PBXBuildFile; fileRef = 60DA5A042A177AE800599521 /* MealController.swift */; };
		60DA5A1A2A17CEFA00599521 /* ExcrisenormaloneController.swift in Sources */ = {isa = PBXBuildFile; fileRef = 60DA5A192A17CEFA00599521 /* ExcrisenormaloneController.swift */; };
		60DA5A1D2A17FAB600599521 /* ExcriseoveroneController.swift in Sources */ = {isa = PBXBuildFile; fileRef = 60DA5A1C2A17FAB600599521 /* ExcriseoveroneController.swift */; };
		60DA5A202A18121800599521 /* PlanController.swift in Sources */ = {isa = PBXBuildFile; fileRef = 60DA5A1F2A18121800599521 /* PlanController.swift */; };
		60DA5A232A19D39F00599521 /* ExcrisenormaltwoController.swift in Sources */ = {isa = PBXBuildFile; fileRef = 60DA5A222A19D39E00599521 /* ExcrisenormaltwoController.swift */; };
		60DA5A262A19EC2300599521 /* ExcrisenormalthreeController.swift in Sources */ = {isa = PBXBuildFile; fileRef = 60DA5A252A19EC2300599521 /* ExcrisenormalthreeController.swift */; };
		60DA5A292A19EC9100599521 /* ExcrisenormalfourController.swift in Sources */ = {isa = PBXBuildFile; fileRef = 60DA5A282A19EC9100599521 /* ExcrisenormalfourController.swift */; };
		60DA5A2C2A19ECFB00599521 /* ExcrisenormalfiveController.swift in Sources */ = {isa = PBXBuildFile; fileRef = 60DA5A2B2A19ECFB00599521 /* ExcrisenormalfiveController.swift */; };
		60E45F942A153FCA00316E0B /* GoogleService-Info.plist in Resources */ = {isa = PBXBuildFile; fileRef = 60E45F932A153FC900316E0B /* GoogleService-Info.plist */; };
/* End PBXBuildFile section */

/* Begin PBXFileReference section */
		5422C6542542A304F3C326EA /* Pods_Ios_CW.framework */ = {isa = PBXFileReference; explicitFileType = wrapper.framework; includeInIndex = 0; path = Pods_Ios_CW.framework; sourceTree = BUILT_PRODUCTS_DIR; };
		603172F02A12A46700A9812C /* StartController.swift */ = {isa = PBXFileReference; lastKnownFileType = sourcecode.swift; path = StartController.swift; sourceTree = "<group>"; };
		605775EB2A15E4F700BC91A4 /* Postservice.swift */ = {isa = PBXFileReference; lastKnownFileType = sourcecode.swift; path = Postservice.swift; sourceTree = "<group>"; };
		60CA95CD29EDBFA200D9C041 /* Ios CW.app */ = {isa = PBXFileReference; explicitFileType = wrapper.application; includeInIndex = 0; path = "Ios CW.app"; sourceTree = BUILT_PRODUCTS_DIR; };
		60CA95D029EDBFA200D9C041 /* AppDelegate.swift */ = {isa = PBXFileReference; lastKnownFileType = sourcecode.swift; path = AppDelegate.swift; sourceTree = "<group>"; };
		60CA95D229EDBFA200D9C041 /* SceneDelegate.swift */ = {isa = PBXFileReference; lastKnownFileType = sourcecode.swift; path = SceneDelegate.swift; sourceTree = "<group>"; };
		60CA95D429EDBFA200D9C041 /* ViewController.swift */ = {isa = PBXFileReference; lastKnownFileType = sourcecode.swift; path = ViewController.swift; sourceTree = "<group>"; };
		60CA95D929EDBFA300D9C041 /* Assets.xcassets */ = {isa = PBXFileReference; lastKnownFileType = folder.assetcatalog; path = Assets.xcassets; sourceTree = "<group>"; };
		60CA95DE29EDBFA300D9C041 /* Info.plist */ = {isa = PBXFileReference; lastKnownFileType = text.plist.xml; path = Info.plist; sourceTree = "<group>"; };
		60D35C7A2A13F9A2006D9C93 /* IntroController.swift */ = {isa = PBXFileReference; lastKnownFileType = sourcecode.swift; path = IntroController.swift; sourceTree = "<group>"; };
		60D35C7D2A140666006D9C93 /* ScheduleController.swift */ = {isa = PBXFileReference; lastKnownFileType = sourcecode.swift; path = ScheduleController.swift; sourceTree = "<group>"; };
		60D641592A10A70200769755 /* SplashController.swift */ = {isa = PBXFileReference; lastKnownFileType = sourcecode.swift; path = SplashController.swift; sourceTree = "<group>"; };
		60D641632A10DC2600769755 /* HomeController.swift */ = {isa = PBXFileReference; lastKnownFileType = sourcecode.swift; path = HomeController.swift; sourceTree = "<group>"; };
		60D641672A11646100769755 /* ExcriseoneController.swift */ = {isa = PBXFileReference; lastKnownFileType = sourcecode.swift; path = ExcriseoneController.swift; sourceTree = "<group>"; };
		60DA59FE2A1755D300599521 /* SchedulenormalController.swift */ = {isa = PBXFileReference; lastKnownFileType = sourcecode.swift; path = SchedulenormalController.swift; sourceTree = "<group>"; };
		60DA5A012A17561000599521 /* ScheduleoverController.swift */ = {isa = PBXFileReference; lastKnownFileType = sourcecode.swift; path = ScheduleoverController.swift; sourceTree = "<group>"; };
		60DA5A042A177AE800599521 /* MealController.swift */ = {isa = PBXFileReference; lastKnownFileType = sourcecode.swift; path = MealController.swift; sourceTree = "<group>"; };
		60DA5A192A17CEFA00599521 /* ExcrisenormaloneController.swift */ = {isa = PBXFileReference; lastKnownFileType = sourcecode.swift; path = ExcrisenormaloneController.swift; sourceTree = "<group>"; };
		60DA5A1C2A17FAB600599521 /* ExcriseoveroneController.swift */ = {isa = PBXFileReference; lastKnownFileType = sourcecode.swift; path = ExcriseoveroneController.swift; sourceTree = "<group>"; };
		60DA5A1F2A18121800599521 /* PlanController.swift */ = {isa = PBXFileReference; lastKnownFileType = sourcecode.swift; path = PlanController.swift; sourceTree = "<group>"; };
		60DA5A222A19D39E00599521 /* ExcrisenormaltwoController.swift */ = {isa = PBXFileReference; lastKnownFileType = sourcecode.swift; path = ExcrisenormaltwoController.swift; sourceTree = "<group>"; };
		60DA5A252A19EC2300599521 /* ExcrisenormalthreeController.swift */ = {isa = PBXFileReference; lastKnownFileType = sourcecode.swift; path = ExcrisenormalthreeController.swift; sourceTree = "<group>"; };
		60DA5A282A19EC9100599521 /* ExcrisenormalfourController.swift */ = {isa = PBXFileReference; lastKnownFileType = sourcecode.swift; path = ExcrisenormalfourController.swift; sourceTree = "<group>"; };
		60DA5A2B2A19ECFB00599521 /* ExcrisenormalfiveController.swift */ = {isa = PBXFileReference; lastKnownFileType = sourcecode.swift; path = ExcrisenormalfiveController.swift; sourceTree = "<group>"; };
		60E45F932A153FC900316E0B /* GoogleService-Info.plist */ = {isa = PBXFileReference; fileEncoding = 4; lastKnownFileType = text.plist.xml; path = "GoogleService-Info.plist"; sourceTree = "<group>"; };
		63D0D5BF95FC5CF3BE7290D3 /* Pods-Ios CW.release.xcconfig */ = {isa = PBXFileReference; includeInIndex = 1; lastKnownFileType = text.xcconfig; name = "Pods-Ios CW.release.xcconfig"; path = "Target Support Files/Pods-Ios CW/Pods-Ios CW.release.xcconfig"; sourceTree = "<group>"; };
		889D8D75BB7772695FC36F14 /* Pods-Ios CW.debug.xcconfig */ = {isa = PBXFileReference; includeInIndex = 1; lastKnownFileType = text.xcconfig; name = "Pods-Ios CW.debug.xcconfig"; path = "Target Support Files/Pods-Ios CW/Pods-Ios CW.debug.xcconfig"; sourceTree = "<group>"; };
/* End PBXFileReference section */

/* Begin PBXFrameworksBuildPhase section */
		60CA95CA29EDBFA200D9C041 /* Frameworks */ = {
			isa = PBXFrameworksBuildPhase;
			buildActionMask = 2147483647;
			files = (
				00607B5C2CC574A2DBC31494 /* Pods_Ios_CW.framework in Frameworks */,
			);
			runOnlyForDeploymentPostprocessing = 0;
		};
/* End PBXFrameworksBuildPhase section */

/* Begin PBXGroup section */
		3AB055F0CF81B256ABB27F29 /* Frameworks */ = {
			isa = PBXGroup;
			children = (
				5422C6542542A304F3C326EA /* Pods_Ios_CW.framework */,
			);
			name = Frameworks;
			sourceTree = "<group>";
		};
		60CA95C429EDBFA200D9C041 = {
			isa = PBXGroup;
			children = (
				60CA95CF29EDBFA200D9C041 /* Ios CW */,
				60CA95CE29EDBFA200D9C041 /* Products */,
				D8841BC4E265CFEED310C43F /* Pods */,
				3AB055F0CF81B256ABB27F29 /* Frameworks */,
			);
			sourceTree = "<group>";
		};
		60CA95CE29EDBFA200D9C041 /* Products */ = {
			isa = PBXGroup;
			children = (
				60CA95CD29EDBFA200D9C041 /* Ios CW.app */,
			);
			name = Products;
			sourceTree = "<group>";
		};
		60CA95CF29EDBFA200D9C041 /* Ios CW */ = {
			isa = PBXGroup;
			children = (
				60CA95D029EDBFA200D9C041 /* AppDelegate.swift */,
				60CA95D229EDBFA200D9C041 /* SceneDelegate.swift */,
				60CA95D429EDBFA200D9C041 /* ViewController.swift */,
				60CA95D929EDBFA300D9C041 /* Assets.xcassets */,
				60CA95DE29EDBFA300D9C041 /* Info.plist */,
				60D641592A10A70200769755 /* SplashController.swift */,
				60D641632A10DC2600769755 /* HomeController.swift */,
				60D641672A11646100769755 /* ExcriseoneController.swift */,
				603172F02A12A46700A9812C /* StartController.swift */,
				60D35C7A2A13F9A2006D9C93 /* IntroController.swift */,
				60D35C7D2A140666006D9C93 /* ScheduleController.swift */,
				60E45F932A153FC900316E0B /* GoogleService-Info.plist */,
				605775EB2A15E4F700BC91A4 /* Postservice.swift */,
				60DA59FE2A1755D300599521 /* SchedulenormalController.swift */,
				60DA5A012A17561000599521 /* ScheduleoverController.swift */,
				60DA5A042A177AE800599521 /* MealController.swift */,
				60DA5A192A17CEFA00599521 /* ExcrisenormaloneController.swift */,
				60DA5A1C2A17FAB600599521 /* ExcriseoveroneController.swift */,
				60DA5A1F2A18121800599521 /* PlanController.swift */,
				60DA5A222A19D39E00599521 /* ExcrisenormaltwoController.swift */,
				60DA5A252A19EC2300599521 /* ExcrisenormalthreeController.swift */,
				60DA5A282A19EC9100599521 /* ExcrisenormalfourController.swift */,
				60DA5A2B2A19ECFB00599521 /* ExcrisenormalfiveController.swift */,
			);
			path = "Ios CW";
			sourceTree = "<group>";
		};
		D8841BC4E265CFEED310C43F /* Pods */ = {
			isa = PBXGroup;
			children = (
				889D8D75BB7772695FC36F14 /* Pods-Ios CW.debug.xcconfig */,
				63D0D5BF95FC5CF3BE7290D3 /* Pods-Ios CW.release.xcconfig */,
			);
			path = Pods;
			sourceTree = "<group>";
		};
/* End PBXGroup section */

/* Begin PBXNativeTarget section */
		60CA95CC29EDBFA200D9C041 /* Ios CW */ = {
			isa = PBXNativeTarget;
			buildConfigurationList = 60CA95E129EDBFA300D9C041 /* Build configuration list for PBXNativeTarget "Ios CW" */;
			buildPhases = (
				7CA81159BB9BC847B2240D92 /* [CP] Check Pods Manifest.lock */,
				60CA95C929EDBFA200D9C041 /* Sources */,
				60CA95CA29EDBFA200D9C041 /* Frameworks */,
				60CA95CB29EDBFA200D9C041 /* Resources */,
				A0D3C2B66C4CD21A97F5B904 /* [CP] Embed Pods Frameworks */,
			);
			buildRules = (
			);
			dependencies = (
			);
			name = "Ios CW";
			productName = "Ios CW";
			productReference = 60CA95CD29EDBFA200D9C041 /* Ios CW.app */;
			productType = "com.apple.product-type.application";
		};
/* End PBXNativeTarget section */

/* Begin PBXProject section */
		60CA95C529EDBFA200D9C041 /* Project object */ = {
			isa = PBXProject;
			attributes = {
				LastSwiftUpdateCheck = 1240;
				LastUpgradeCheck = 1240;
				TargetAttributes = {
					60CA95CC29EDBFA200D9C041 = {
						CreatedOnToolsVersion = 12.4;
					};
				};
			};
			buildConfigurationList = 60CA95C829EDBFA200D9C041 /* Build configuration list for PBXProject "Ios CW" */;
			compatibilityVersion = "Xcode 9.3";
			developmentRegion = en;
			hasScannedForEncodings = 0;
			knownRegions = (
				en,
				Base,
			);
			mainGroup = 60CA95C429EDBFA200D9C041;
			productRefGroup = 60CA95CE29EDBFA200D9C041 /* Products */;
			projectDirPath = "";
			projectRoot = "";
			targets = (
				60CA95CC29EDBFA200D9C041 /* Ios CW */,
			);
		};
/* End PBXProject section */

/* Begin PBXResourcesBuildPhase section */
		60CA95CB29EDBFA200D9C041 /* Resources */ = {
			isa = PBXResourcesBuildPhase;
			buildActionMask = 2147483647;
			files = (
				60CA95DA29EDBFA300D9C041 /* Assets.xcassets in Resources */,
				60E45F942A153FCA00316E0B /* GoogleService-Info.plist in Resources */,
			);
			runOnlyForDeploymentPostprocessing = 0;
		};
/* End PBXResourcesBuildPhase section */

/* Begin PBXShellScriptBuildPhase section */
		7CA81159BB9BC847B2240D92 /* [CP] Check Pods Manifest.lock */ = {
			isa = PBXShellScriptBuildPhase;
			buildActionMask = 2147483647;
			files = (
			);
			inputFileListPaths = (
			);
			inputPaths = (
				"${PODS_PODFILE_DIR_PATH}/Podfile.lock",
				"${PODS_ROOT}/Manifest.lock",
			);
			name = "[CP] Check Pods Manifest.lock";
			outputFileListPaths = (
			);
			outputPaths = (
				"$(DERIVED_FILE_DIR)/Pods-Ios CW-checkManifestLockResult.txt",
			);
			runOnlyForDeploymentPostprocessing = 0;
			shellPath = /bin/sh;
			shellScript = "diff \"${PODS_PODFILE_DIR_PATH}/Podfile.lock\" \"${PODS_ROOT}/Manifest.lock\" > /dev/null\nif [ $? != 0 ] ; then\n    # print error to STDERR\n    echo \"error: The sandbox is not in sync with the Podfile.lock. Run 'pod install' or update your CocoaPods installation.\" >&2\n    exit 1\nfi\n# This output is used by Xcode 'outputs' to avoid re-running this script phase.\necho \"SUCCESS\" > \"${SCRIPT_OUTPUT_FILE_0}\"\n";
			showEnvVarsInLog = 0;
		};
		A0D3C2B66C4CD21A97F5B904 /* [CP] Embed Pods Frameworks */ = {
			isa = PBXShellScriptBuildPhase;
			buildActionMask = 2147483647;
			files = (
			);
			inputFileListPaths = (
				"${PODS_ROOT}/Target Support Files/Pods-Ios CW/Pods-Ios CW-frameworks-${CONFIGURATION}-input-files.xcfilelist",
			);
			name = "[CP] Embed Pods Frameworks";
			outputFileListPaths = (
				"${PODS_ROOT}/Target Support Files/Pods-Ios CW/Pods-Ios CW-frameworks-${CONFIGURATION}-output-files.xcfilelist",
			);
			runOnlyForDeploymentPostprocessing = 0;
			shellPath = /bin/sh;
			shellScript = "\"${PODS_ROOT}/Target Support Files/Pods-Ios CW/Pods-Ios CW-frameworks.sh\"\n";
			showEnvVarsInLog = 0;
		};
/* End PBXShellScriptBuildPhase section */

/* Begin PBXSourcesBuildPhase section */
		60CA95C929EDBFA200D9C041 /* Sources */ = {
			isa = PBXSourcesBuildPhase;
			buildActionMask = 2147483647;
			files = (
				60D35C7B2A13F9A2006D9C93 /* IntroController.swift in Sources */,
				60DA5A052A177AE800599521 /* MealController.swift in Sources */,
				60DA5A2C2A19ECFB00599521 /* ExcrisenormalfiveController.swift in Sources */,
				60D641682A11646100769755 /* ExcriseoneController.swift in Sources */,
				60D35C7E2A140666006D9C93 /* ScheduleController.swift in Sources */,
				60DA5A1A2A17CEFA00599521 /* ExcrisenormaloneController.swift in Sources */,
				60DA5A262A19EC2300599521 /* ExcrisenormalthreeController.swift in Sources */,
				60D6415A2A10A70200769755 /* SplashController.swift in Sources */,
				60CA95D529EDBFA200D9C041 /* ViewController.swift in Sources */,
				60DA5A022A17561000599521 /* ScheduleoverController.swift in Sources */,
				60DA5A232A19D39F00599521 /* ExcrisenormaltwoController.swift in Sources */,
				60D641642A10DC2600769755 /* HomeController.swift in Sources */,
				60DA5A292A19EC9100599521 /* ExcrisenormalfourController.swift in Sources */,
				60CA95D129EDBFA200D9C041 /* AppDelegate.swift in Sources */,
				603172F12A12A46700A9812C /* StartController.swift in Sources */,
				60CA95D329EDBFA200D9C041 /* SceneDelegate.swift in Sources */,
				60DA59FF2A1755D300599521 /* SchedulenormalController.swift in Sources */,
				60DA5A1D2A17FAB600599521 /* ExcriseoveroneController.swift in Sources */,
				60DA5A202A18121800599521 /* PlanController.swift in Sources */,
				605775EC2A15E4F700BC91A4 /* Postservice.swift in Sources */,
			);
			runOnlyForDeploymentPostprocessing = 0;
		};
/* End PBXSourcesBuildPhase section */

/* Begin XCBuildConfiguration section */
		60CA95DF29EDBFA300D9C041 /* Debug */ = {
			isa = XCBuildConfiguration;
			buildSettings = {
				ALWAYS_SEARCH_USER_PATHS = NO;
				CLANG_ANALYZER_NONNULL = YES;
				CLANG_ANALYZER_NUMBER_OBJECT_CONVERSION = YES_AGGRESSIVE;
				CLANG_CXX_LANGUAGE_STANDARD = "gnu++14";
				CLANG_CXX_LIBRARY = "libc++";
				CLANG_ENABLE_MODULES = YES;
				CLANG_ENABLE_OBJC_ARC = YES;
				CLANG_ENABLE_OBJC_WEAK = YES;
				CLANG_WARN_BLOCK_CAPTURE_AUTORELEASING = YES;
				CLANG_WARN_BOOL_CONVERSION = YES;
				CLANG_WARN_COMMA = YES;
				CLANG_WARN_CONSTANT_CONVERSION = YES;
				CLANG_WARN_DEPRECATED_OBJC_IMPLEMENTATIONS = YES;
				CLANG_WARN_DIRECT_OBJC_ISA_USAGE = YES_ERROR;
				CLANG_WARN_DOCUMENTATION_COMMENTS = YES;
				CLANG_WARN_EMPTY_BODY = YES;
				CLANG_WARN_ENUM_CONVERSION = YES;
				CLANG_WARN_INFINITE_RECURSION = YES;
				CLANG_WARN_INT_CONVERSION = YES;
				CLANG_WARN_NON_LITERAL_NULL_CONVERSION = YES;
				CLANG_WARN_OBJC_IMPLICIT_RETAIN_SELF = YES;
				CLANG_WARN_OBJC_LITERAL_CONVERSION = YES;
				CLANG_WARN_OBJC_ROOT_CLASS = YES_ERROR;
				CLANG_WARN_QUOTED_INCLUDE_IN_FRAMEWORK_HEADER = YES;
				CLANG_WARN_RANGE_LOOP_ANALYSIS = YES;
				CLANG_WARN_STRICT_PROTOTYPES = YES;
				CLANG_WARN_SUSPICIOUS_MOVE = YES;
				CLANG_WARN_UNGUARDED_AVAILABILITY = YES_AGGRESSIVE;
				CLANG_WARN_UNREACHABLE_CODE = YES;
				CLANG_WARN__DUPLICATE_METHOD_MATCH = YES;
				COPY_PHASE_STRIP = NO;
				DEBUG_INFORMATION_FORMAT = dwarf;
				ENABLE_STRICT_OBJC_MSGSEND = YES;
				ENABLE_TESTABILITY = YES;
				GCC_C_LANGUAGE_STANDARD = gnu11;
				GCC_DYNAMIC_NO_PIC = NO;
				GCC_NO_COMMON_BLOCKS = YES;
				GCC_OPTIMIZATION_LEVEL = 0;
				GCC_PREPROCESSOR_DEFINITIONS = (
					"DEBUG=1",
					"$(inherited)",
				);
				GCC_WARN_64_TO_32_BIT_CONVERSION = YES;
				GCC_WARN_ABOUT_RETURN_TYPE = YES_ERROR;
				GCC_WARN_UNDECLARED_SELECTOR = YES;
				GCC_WARN_UNINITIALIZED_AUTOS = YES_AGGRESSIVE;
				GCC_WARN_UNUSED_FUNCTION = YES;
				GCC_WARN_UNUSED_VARIABLE = YES;
				IPHONEOS_DEPLOYMENT_TARGET = 14.4;
				MTL_ENABLE_DEBUG_INFO = INCLUDE_SOURCE;
				MTL_FAST_MATH = YES;
				ONLY_ACTIVE_ARCH = YES;
				SDKROOT = iphoneos;
				SWIFT_ACTIVE_COMPILATION_CONDITIONS = DEBUG;
				SWIFT_OPTIMIZATION_LEVEL = "-Onone";
			};
			name = Debug;
		};
		60CA95E029EDBFA300D9C041 /* Release */ = {
			isa = XCBuildConfiguration;
			buildSettings = {
				ALWAYS_SEARCH_USER_PATHS = NO;
				CLANG_ANALYZER_NONNULL = YES;
				CLANG_ANALYZER_NUMBER_OBJECT_CONVERSION = YES_AGGRESSIVE;
				CLANG_CXX_LANGUAGE_STANDARD = "gnu++14";
				CLANG_CXX_LIBRARY = "libc++";
				CLANG_ENABLE_MODULES = YES;
				CLANG_ENABLE_OBJC_ARC = YES;
				CLANG_ENABLE_OBJC_WEAK = YES;
				CLANG_WARN_BLOCK_CAPTURE_AUTORELEASING = YES;
				CLANG_WARN_BOOL_CONVERSION = YES;
				CLANG_WARN_COMMA = YES;
				CLANG_WARN_CONSTANT_CONVERSION = YES;
				CLANG_WARN_DEPRECATED_OBJC_IMPLEMENTATIONS = YES;
				CLANG_WARN_DIRECT_OBJC_ISA_USAGE = YES_ERROR;
				CLANG_WARN_DOCUMENTATION_COMMENTS = YES;
				CLANG_WARN_EMPTY_BODY = YES;
				CLANG_WARN_ENUM_CONVERSION = YES;
				CLANG_WARN_INFINITE_RECURSION = YES;
				CLANG_WARN_INT_CONVERSION = YES;
				CLANG_WARN_NON_LITERAL_NULL_CONVERSION = YES;
				CLANG_WARN_OBJC_IMPLICIT_RETAIN_SELF = YES;
				CLANG_WARN_OBJC_LITERAL_CONVERSION = YES;
				CLANG_WARN_OBJC_ROOT_CLASS = YES_ERROR;
				CLANG_WARN_QUOTED_INCLUDE_IN_FRAMEWORK_HEADER = YES;
				CLANG_WARN_RANGE_LOOP_ANALYSIS = YES;
				CLANG_WARN_STRICT_PROTOTYPES = YES;
				CLANG_WARN_SUSPICIOUS_MOVE = YES;
				CLANG_WARN_UNGUARDED_AVAILABILITY = YES_AGGRESSIVE;
				CLANG_WARN_UNREACHABLE_CODE = YES;
				CLANG_WARN__DUPLICATE_METHOD_MATCH = YES;
				COPY_PHASE_STRIP = NO;
				DEBUG_INFORMATION_FORMAT = "dwarf-with-dsym";
				ENABLE_NS_ASSERTIONS = NO;
				ENABLE_STRICT_OBJC_MSGSEND = YES;
				GCC_C_LANGUAGE_STANDARD = gnu11;
				GCC_NO_COMMON_BLOCKS = YES;
				GCC_WARN_64_TO_32_BIT_CONVERSION = YES;
				GCC_WARN_ABOUT_RETURN_TYPE = YES_ERROR;
				GCC_WARN_UNDECLARED_SELECTOR = YES;
				GCC_WARN_UNINITIALIZED_AUTOS = YES_AGGRESSIVE;
				GCC_WARN_UNUSED_FUNCTION = YES;
				GCC_WARN_UNUSED_VARIABLE = YES;
				IPHONEOS_DEPLOYMENT_TARGET = 14.4;
				MTL_ENABLE_DEBUG_INFO = NO;
				MTL_FAST_MATH = YES;
				SDKROOT = iphoneos;
				SWIFT_COMPILATION_MODE = wholemodule;
				SWIFT_OPTIMIZATION_LEVEL = "-O";
				VALIDATE_PRODUCT = YES;
			};
			name = Release;
		};
		60CA95E229EDBFA300D9C041 /* Debug */ = {
			isa = XCBuildConfiguration;
			baseConfigurationReference = 889D8D75BB7772695FC36F14 /* Pods-Ios CW.debug.xcconfig */;
			buildSettings = {
				ASSETCATALOG_COMPILER_APPICON_NAME = AppIcon;
				ASSETCATALOG_COMPILER_GLOBAL_ACCENT_COLOR_NAME = AccentColor;
				CODE_SIGN_STYLE = Automatic;
				INFOPLIST_FILE = "Ios CW/Info.plist";
				LD_RUNPATH_SEARCH_PATHS = (
					"$(inherited)",
					"@executable_path/Frameworks",
				);
				PRODUCT_BUNDLE_IDENTIFIER = "com.Ios-CW";
				PRODUCT_NAME = "$(TARGET_NAME)";
				SWIFT_VERSION = 5.0;
				TARGETED_DEVICE_FAMILY = "1,2";
			};
			name = Debug;
		};
		60CA95E329EDBFA300D9C041 /* Release */ = {
			isa = XCBuildConfiguration;
			baseConfigurationReference = 63D0D5BF95FC5CF3BE7290D3 /* Pods-Ios CW.release.xcconfig */;
			buildSettings = {
				ASSETCATALOG_COMPILER_APPICON_NAME = AppIcon;
				ASSETCATALOG_COMPILER_GLOBAL_ACCENT_COLOR_NAME = AccentColor;
				CODE_SIGN_STYLE = Automatic;
				INFOPLIST_FILE = "Ios CW/Info.plist";
				LD_RUNPATH_SEARCH_PATHS = (
					"$(inherited)",
					"@executable_path/Frameworks",
				);
				PRODUCT_BUNDLE_IDENTIFIER = "com.Ios-CW";
				PRODUCT_NAME = "$(TARGET_NAME)";
				SWIFT_VERSION = 5.0;
				TARGETED_DEVICE_FAMILY = "1,2";
			};
			name = Release;
		};
/* End XCBuildConfiguration section */

/* Begin XCConfigurationList section */
		60CA95C829EDBFA200D9C041 /* Build configuration list for PBXProject "Ios CW" */ = {
			isa = XCConfigurationList;
			buildConfigurations = (
				60CA95DF29EDBFA300D9C041 /* Debug */,
				60CA95E029EDBFA300D9C041 /* Release */,
			);
			defaultConfigurationIsVisible = 0;
			defaultConfigurationName = Release;
		};
		60CA95E129EDBFA300D9C041 /* Build configuration list for PBXNativeTarget "Ios CW" */ = {
			isa = XCConfigurationList;
			buildConfigurations = (
				60CA95E229EDBFA300D9C041 /* Debug */,
				60CA95E329EDBFA300D9C041 /* Release */,
			);
			defaultConfigurationIsVisible = 0;
			defaultConfigurationName = Release;
		};
/* End XCConfigurationList section */
	};
	rootObject = 60CA95C529EDBFA200D9C041 /* Project object */;
}
